
Microsoft Visual Studio Solution File, Format Version 11.00
# Visual Studio 2010
Project("{FAE04EC0-301F-11D3-BF4B-00C04F79EFBC}") = "Assembly-CSharp", "Assembly-CSharp.csproj", "{A7CBB68E-2864-0484-2532-BF9D356E6B80}"
EndProject
Project("{FAE04EC0-301F-11D3-BF4B-00C04F79EFBC}") = "TextToTMP.Editor", "TextToTMP.Editor.csproj", "{F4408CAA-CB9C-49F8-5B25-A4F353EAC394}"
EndProject
Global
	GlobalSection(SolutionConfigurationPlatforms) = preSolution
		Debug|Any CPU = Debug|Any CPU
		Release|Any CPU = Release|Any CPU
	EndGlobalSection
	GlobalSection(ProjectConfigurationPlatforms) = postSolution
		{A7CBB68E-2864-0484-2532-BF9D356E6B80}.Debug|Any CPU.ActiveCfg = Debug|Any CPU
		{A7CBB68E-2864-0484-2532-BF9D356E6B80}.Debug|Any CPU.Build.0 = Debug|Any CPU
		{A7CBB68E-2864-0484-2532-BF9D356E6B80}.Release|Any CPU.ActiveCfg = Release|Any CPU
		{A7CBB68E-2864-0484-2532-BF9D356E6B80}.Release|Any CPU.Build.0 = Release|Any CPU
		{F4408CAA-CB9C-49F8-5B25-A4F353EAC394}.Debug|Any CPU.ActiveCfg = Debug|Any CPU
		{F4408CAA-CB9C-49F8-5B25-A4F353EAC394}.Debug|Any CPU.Build.0 = Debug|Any CPU
		{F4408CAA-CB9C-49F8-5B25-A4F353EAC394}.Release|Any CPU.ActiveCfg = Release|Any CPU
		{F4408CAA-CB9C-49F8-5B25-A4F353EAC394}.Release|Any CPU.Build.0 = Release|Any CPU
	EndGlobalSection
	GlobalSection(SolutionProperties) = preSolution
		HideSolutionNode = FALSE
	EndGlobalSection
EndGlobal
